
Microsoft Visual Studio Solution File, Format Version 12.00
# Visual Studio 2017
Project("{FAE04EC0-301F-11D3-BF4B-00C04F79EFBC}") = "SpaceSim.Plugins", "SpaceSim.Plugins.csproj", "{7E5FBC3E-4CA5-53A0-858F-1B1AB3E1BE6A}"
EndProject
Project("{FAE04EC0-301F-11D3-BF4B-00C04F79EFBC}") = "SpaceSim", "SpaceSim.csproj", "{F04DB254-C0AF-22FE-29E7-3429A6D6EC21}"
EndProject
Project("{FAE04EC0-301F-11D3-BF4B-00C04F79EFBC}") = "SpaceSim.Editor", "SpaceSim.Editor.csproj", "{A9597811-4444-DAA7-D7EA-BCD640973CA0}"
EndProject
Global
	GlobalSection(SolutionConfigurationPlatforms) = preSolution
		Debug|Any CPU = Debug|Any CPU
		Release|Any CPU = Release|Any CPU
	EndGlobalSection
	GlobalSection(ProjectConfigurationPlatforms) = postSolution
		{7E5FBC3E-4CA5-53A0-858F-1B1AB3E1BE6A}.Debug|Any CPU.ActiveCfg = Debug|Any CPU
		{7E5FBC3E-4CA5-53A0-858F-1B1AB3E1BE6A}.Debug|Any CPU.Build.0 = Debug|Any CPU
		{7E5FBC3E-4CA5-53A0-858F-1B1AB3E1BE6A}.Release|Any CPU.ActiveCfg = Release|Any CPU
		{7E5FBC3E-4CA5-53A0-858F-1B1AB3E1BE6A}.Release|Any CPU.Build.0 = Release|Any CPU
		{F04DB254-C0AF-22FE-29E7-3429A6D6EC21}.Debug|Any CPU.ActiveCfg = Debug|Any CPU
		{F04DB254-C0AF-22FE-29E7-3429A6D6EC21}.Debug|Any CPU.Build.0 = Debug|Any CPU
		{F04DB254-C0AF-22FE-29E7-3429A6D6EC21}.Release|Any CPU.ActiveCfg = Release|Any CPU
		{F04DB254-C0AF-22FE-29E7-3429A6D6EC21}.Release|Any CPU.Build.0 = Release|Any CPU
		{A9597811-4444-DAA7-D7EA-BCD640973CA0}.Debug|Any CPU.ActiveCfg = Debug|Any CPU
		{A9597811-4444-DAA7-D7EA-BCD640973CA0}.Debug|Any CPU.Build.0 = Debug|Any CPU
		{A9597811-4444-DAA7-D7EA-BCD640973CA0}.Release|Any CPU.ActiveCfg = Release|Any CPU
		{A9597811-4444-DAA7-D7EA-BCD640973CA0}.Release|Any CPU.Build.0 = Release|Any CPU
	EndGlobalSection
	GlobalSection(SolutionProperties) = preSolution
		HideSolutionNode = FALSE
	EndGlobalSection
EndGlobal
